// !$*UTF8*$!
{
	archiveVersion = 1;
	classes = {
	};
	objectVersion = 46;
	objects = {

/* Begin PBXBuildFile section */
		4812B9C91C8E768700D7036F /* AppDelegate.swift in Sources */ = {isa = PBXBuildFile; fileRef = 4812B9C81C8E768700D7036F /* AppDelegate.swift */; };
		4812B9CB1C8E768700D7036F /* ViewController.swift in Sources */ = {isa = PBXBuildFile; fileRef = 4812B9CA1C8E768700D7036F /* ViewController.swift */; };
		4812B9CE1C8E768700D7036F /* Main.storyboard in Resources */ = {isa = PBXBuildFile; fileRef = 4812B9CC1C8E768700D7036F /* Main.storyboard */; };
		4812B9D01C8E768700D7036F /* Assets.xcassets in Resources */ = {isa = PBXBuildFile; fileRef = 4812B9CF1C8E768700D7036F /* Assets.xcassets */; };
		4812B9D31C8E768700D7036F /* LaunchScreen.storyboard in Resources */ = {isa = PBXBuildFile; fileRef = 4812B9D11C8E768700D7036F /* LaunchScreen.storyboard */; };
		4812B9DC1C8F3C2500D7036F /* Post.swift in Sources */ = {isa = PBXBuildFile; fileRef = 4812B9DB1C8F3C2500D7036F /* Post.swift */; };
		4812B9DF1C8F4C9B00D7036F /* PostCell.swift in Sources */ = {isa = PBXBuildFile; fileRef = 4812B9DE1C8F4C9B00D7036F /* PostCell.swift */; };
		488DEF221C8FFE8500E37D10 /* AddPostVC.swift in Sources */ = {isa = PBXBuildFile; fileRef = 488DEF211C8FFE8500E37D10 /* AddPostVC.swift */; };
		488DEF251C900A8E00E37D10 /* DataService.swift in Sources */ = {isa = PBXBuildFile; fileRef = 488DEF241C900A8E00E37D10 /* DataService.swift */; };
/* End PBXBuildFile section */

/* Begin PBXFileReference section */
		4812B9C51C8E768700D7036F /* good-times.app */ = {isa = PBXFileReference; explicitFileType = wrapper.application; includeInIndex = 0; path = "good-times.app"; sourceTree = BUILT_PRODUCTS_DIR; };
		4812B9C81C8E768700D7036F /* AppDelegate.swift */ = {isa = PBXFileReference; lastKnownFileType = sourcecode.swift; path = AppDelegate.swift; sourceTree = "<group>"; };
		4812B9CA1C8E768700D7036F /* ViewController.swift */ = {isa = PBXFileReference; lastKnownFileType = sourcecode.swift; path = ViewController.swift; sourceTree = "<group>"; };
		4812B9CD1C8E768700D7036F /* Base */ = {isa = PBXFileReference; lastKnownFileType = file.storyboard; name = Base; path = Base.lproj/Main.storyboard; sourceTree = "<group>"; };
		4812B9CF1C8E768700D7036F /* Assets.xcassets */ = {isa = PBXFileReference; lastKnownFileType = folder.assetcatalog; path = Assets.xcassets; sourceTree = "<group>"; };
		4812B9D21C8E768700D7036F /* Base */ = {isa = PBXFileReference; lastKnownFileType = file.storyboard; name = Base; path = Base.lproj/LaunchScreen.storyboard; sourceTree = "<group>"; };
		4812B9D41C8E768700D7036F /* Info.plist */ = {isa = PBXFileReference; lastKnownFileType = text.plist.xml; path = Info.plist; sourceTree = "<group>"; };
		4812B9DB1C8F3C2500D7036F /* Post.swift */ = {isa = PBXFileReference; fileEncoding = 4; lastKnownFileType = sourcecode.swift; path = Post.swift; sourceTree = "<group>"; };
		4812B9DE1C8F4C9B00D7036F /* PostCell.swift */ = {isa = PBXFileReference; fileEncoding = 4; lastKnownFileType = sourcecode.swift; path = PostCell.swift; sourceTree = "<group>"; };
		488DEF211C8FFE8500E37D10 /* AddPostVC.swift */ = {isa = PBXFileReference; fileEncoding = 4; lastKnownFileType = sourcecode.swift; path = AddPostVC.swift; sourceTree = "<group>"; };
		488DEF241C900A8E00E37D10 /* DataService.swift */ = {isa = PBXFileReference; fileEncoding = 4; lastKnownFileType = sourcecode.swift; path = DataService.swift; sourceTree = "<group>"; };
/* End PBXFileReference section */

/* Begin PBXFrameworksBuildPhase section */
		4812B9C21C8E768700D7036F /* Frameworks */ = {
			isa = PBXFrameworksBuildPhase;
			buildActionMask = 2147483647;
			files = (
			);
			runOnlyForDeploymentPostprocessing = 0;
		};
/* End PBXFrameworksBuildPhase section */

/* Begin PBXGroup section */
		4812B9BC1C8E768700D7036F = {
			isa = PBXGroup;
			children = (
				4812B9C71C8E768700D7036F /* good-times */,
				4812B9C61C8E768700D7036F /* Products */,
			);
			sourceTree = "<group>";
		};
		4812B9C61C8E768700D7036F /* Products */ = {
			isa = PBXGroup;
			children = (
				4812B9C51C8E768700D7036F /* good-times.app */,
			);
			name = Products;
			sourceTree = "<group>";
		};
		4812B9C71C8E768700D7036F /* good-times */ = {
			isa = PBXGroup;
			children = (
				488DEF231C900A7800E37D10 /* Services */,
				4812B9DA1C8F3BE700D7036F /* Model */,
				4812B9DD1C8F493700D7036F /* View */,
				4812B9C81C8E768700D7036F /* AppDelegate.swift */,
				488DEF201C8FFE0400E37D10 /* Controller */,
				4812B9CF1C8E768700D7036F /* Assets.xcassets */,
				4812B9D41C8E768700D7036F /* Info.plist */,
			);
			path = "good-times";
			sourceTree = "<group>";
		};
		4812B9DA1C8F3BE700D7036F /* Model */ = {
			isa = PBXGroup;
			children = (
				4812B9DB1C8F3C2500D7036F /* Post.swift */,
			);
			name = Model;
			sourceTree = "<group>";
		};
		4812B9DD1C8F493700D7036F /* View */ = {
			isa = PBXGroup;
			children = (
				4812B9D11C8E768700D7036F /* LaunchScreen.storyboard */,
				4812B9CC1C8E768700D7036F /* Main.storyboard */,
				4812B9DE1C8F4C9B00D7036F /* PostCell.swift */,
			);
			name = View;
			sourceTree = "<group>";
		};
		488DEF201C8FFE0400E37D10 /* Controller */ = {
			isa = PBXGroup;
			children = (
				4812B9CA1C8E768700D7036F /* ViewController.swift */,
				488DEF211C8FFE8500E37D10 /* AddPostVC.swift */,
			);
			name = Controller;
			sourceTree = "<group>";
		};
		488DEF231C900A7800E37D10 /* Services */ = {
			isa = PBXGroup;
			children = (
				488DEF241C900A8E00E37D10 /* DataService.swift */,
			);
			name = Services;
			sourceTree = "<group>";
		};
/* End PBXGroup section */

/* Begin PBXNativeTarget section */
		4812B9C41C8E768700D7036F /* good-times */ = {
			isa = PBXNativeTarget;
			buildConfigurationList = 4812B9D71C8E768700D7036F /* Build configuration list for PBXNativeTarget "good-times" */;
			buildPhases = (
				4812B9C11C8E768700D7036F /* Sources */,
				4812B9C21C8E768700D7036F /* Frameworks */,
				4812B9C31C8E768700D7036F /* Resources */,
			);
			buildRules = (
			);
			dependencies = (
			);
			name = "good-times";
			productName = "good-times";
			productReference = 4812B9C51C8E768700D7036F /* good-times.app */;
			productType = "com.apple.product-type.application";
		};
/* End PBXNativeTarget section */

/* Begin PBXProject section */
		4812B9BD1C8E768700D7036F /* Project object */ = {
			isa = PBXProject;
			attributes = {
				LastSwiftUpdateCheck = 0720;
				LastUpgradeCheck = 0720;
				ORGANIZATIONNAME = "Phoxayvong, Tony";
				TargetAttributes = {
					4812B9C41C8E768700D7036F = {
						CreatedOnToolsVersion = 7.2.1;
					};
				};
			};
			buildConfigurationList = 4812B9C01C8E768700D7036F /* Build configuration list for PBXProject "good-times" */;
			compatibilityVersion = "Xcode 3.2";
			developmentRegion = English;
			hasScannedForEncodings = 0;
			knownRegions = (
				en,
				Base,
			);
			mainGroup = 4812B9BC1C8E768700D7036F;
			productRefGroup = 4812B9C61C8E768700D7036F /* Products */;
			projectDirPath = "";
			projectRoot = "";
			targets = (
				4812B9C41C8E768700D7036F /* good-times */,
			);
		};
/* End PBXProject section */

/* Begin PBXResourcesBuildPhase section */
		4812B9C31C8E768700D7036F /* Resources */ = {
			isa = PBXResourcesBuildPhase;
			buildActionMask = 2147483647;
			files = (
				4812B9D31C8E768700D7036F /* LaunchScreen.storyboard in Resources */,
				4812B9D01C8E768700D7036F /* Assets.xcassets in Resources */,
				4812B9CE1C8E768700D7036F /* Main.storyboard in Resources */,
			);
			runOnlyForDeploymentPostprocessing = 0;
		};
/* End PBXResourcesBuildPhase section */

/* Begin PBXSourcesBuildPhase section */
		4812B9C11C8E768700D7036F /* Sources */ = {
			isa = PBXSourcesBuildPhase;
			buildActionMask = 2147483647;
			files = (
				4812B9DC1C8F3C2500D7036F /* Post.swift in Sources */,
				4812B9CB1C8E768700D7036F /* ViewController.swift in Sources */,
				488DEF221C8FFE8500E37D10 /* AddPostVC.swift in Sources */,
				488DEF251C900A8E00E37D10 /* DataService.swift in Sources */,
				4812B9C91C8E768700D7036F /* AppDelegate.swift in Sources */,
				4812B9DF1C8F4C9B00D7036F /* PostCell.swift in Sources */,
			);
			runOnlyForDeploymentPostprocessing = 0;
		};
/* End PBXSourcesBuildPhase section */

/* Begin PBXVariantGroup section */
		4812B9CC1C8E768700D7036F /* Main.storyboard */ = {
			isa = PBXVariantGroup;
			children = (
				4812B9CD1C8E768700D7036F /* Base */,
			);
			name = Main.storyboard;
			sourceTree = "<group>";
		};
		4812B9D11C8E768700D7036F /* LaunchScreen.storyboard */ = {
			isa = PBXVariantGroup;
			children = (
				4812B9D21C8E768700D7036F /* Base */,
			);
			name = LaunchScreen.storyboard;
			sourceTree = "<group>";
		};
/* End PBXVariantGroup section */

/* Begin XCBuildConfiguration section */
		4812B9D51C8E768700D7036F /* Debug */ = {
			isa = XCBuildConfiguration;
			buildSettings = {
				ALWAYS_SEARCH_USER_PATHS = NO;
				CLANG_CXX_LANGUAGE_STANDARD = "gnu++0x";
				CLANG_CXX_LIBRARY = "libc++";
				CLANG_ENABLE_MODULES = YES;
				CLANG_ENABLE_OBJC_ARC = YES;
				CLANG_WARN_BOOL_CONVERSION = YES;
				CLANG_WARN_CONSTANT_CONVERSION = YES;
				CLANG_WARN_DIRECT_OBJC_ISA_USAGE = YES_ERROR;
				CLANG_WARN_EMPTY_BODY = YES;
				CLANG_WARN_ENUM_CONVERSION = YES;
				CLANG_WARN_INT_CONVERSION = YES;
				CLANG_WARN_OBJC_ROOT_CLASS = YES_ERROR;
				CLANG_WARN_UNREACHABLE_CODE = YES;
				CLANG_WARN__DUPLICATE_METHOD_MATCH = YES;
				"CODE_SIGN_IDENTITY[sdk=iphoneos*]" = "iPhone Developer";
				COPY_PHASE_STRIP = NO;
				DEBUG_INFORMATION_FORMAT = dwarf;
				ENABLE_STRICT_OBJC_MSGSEND = YES;
				ENABLE_TESTABILITY = YES;
				GCC_C_LANGUAGE_STANDARD = gnu99;
				GCC_DYNAMIC_NO_PIC = NO;
				GCC_NO_COMMON_BLOCKS = YES;
				GCC_OPTIMIZATION_LEVEL = 0;
				GCC_PREPROCESSOR_DEFINITIONS = (
					"DEBUG=1",
					"$(inherited)",
				);
				GCC_WARN_64_TO_32_BIT_CONVERSION = YES;
				GCC_WARN_ABOUT_RETURN_TYPE = YES_ERROR;
				GCC_WARN_UNDECLARED_SELECTOR = YES;
				GCC_WARN_UNINITIALIZED_AUTOS = YES_AGGRESSIVE;
				GCC_WARN_UNUSED_FUNCTION = YES;
				GCC_WARN_UNUSED_VARIABLE = YES;
				IPHONEOS_DEPLOYMENT_TARGET = 9.2;
				MTL_ENABLE_DEBUG_INFO = YES;
				ONLY_ACTIVE_ARCH = YES;
				SDKROOT = iphoneos;
				SWIFT_OPTIMIZATION_LEVEL = "-Onone";
			};
			name = Debug;
		};
		4812B9D61C8E768700D7036F /* Release */ = {
			isa = XCBuildConfiguration;
			buildSettings = {
				ALWAYS_SEARCH_USER_PATHS = NO;
				CLANG_CXX_LANGUAGE_STANDARD = "gnu++0x";
				CLANG_CXX_LIBRARY = "libc++";
				CLANG_ENABLE_MODULES = YES;
				CLANG_ENABLE_OBJC_ARC = YES;
				CLANG_WARN_BOOL_CONVERSION = YES;
				CLANG_WARN_CONSTANT_CONVERSION = YES;
				CLANG_WARN_DIRECT_OBJC_ISA_USAGE = YES_ERROR;
				CLANG_WARN_EMPTY_BODY = YES;
				CLANG_WARN_ENUM_CONVERSION = YES;
				CLANG_WARN_INT_CONVERSION = YES;
				CLANG_WARN_OBJC_ROOT_CLASS = YES_ERROR;
				CLANG_WARN_UNREACHABLE_CODE = YES;
				CLANG_WARN__DUPLICATE_METHOD_MATCH = YES;
				"CODE_SIGN_IDENTITY[sdk=iphoneos*]" = "iPhone Developer";
				COPY_PHASE_STRIP = NO;
				DEBUG_INFORMATION_FORMAT = "dwarf-with-dsym";
				ENABLE_NS_ASSERTIONS = NO;
				ENABLE_STRICT_OBJC_MSGSEND = YES;
				GCC_C_LANGUAGE_STANDARD = gnu99;
				GCC_NO_COMMON_BLOCKS = YES;
				GCC_WARN_64_TO_32_BIT_CONVERSION = YES;
				GCC_WARN_ABOUT_RETURN_TYPE = YES_ERROR;
				GCC_WARN_UNDECLARED_SELECTOR = YES;
				GCC_WARN_UNINITIALIZED_AUTOS = YES_AGGRESSIVE;
				GCC_WARN_UNUSED_FUNCTION = YES;
				GCC_WARN_UNUSED_VARIABLE = YES;
				IPHONEOS_DEPLOYMENT_TARGET = 9.2;
				MTL_ENABLE_DEBUG_INFO = NO;
				SDKROOT = iphoneos;
				VALIDATE_PRODUCT = YES;
			};
			name = Release;
		};
		4812B9D81C8E768700D7036F /* Debug */ = {
			isa = XCBuildConfiguration;
			buildSettings = {
				ASSETCATALOG_COMPILER_APPICON_NAME = AppIcon;
				CODE_SIGN_IDENTITY = "iPhone Developer";
				INFOPLIST_FILE = "good-times/Info.plist";
				LD_RUNPATH_SEARCH_PATHS = "$(inherited) @executable_path/Frameworks";
				PRODUCT_BUNDLE_IDENTIFIER = "self.edu.good-times";
				PRODUCT_NAME = "$(TARGET_NAME)";
				TARGETED_DEVICE_FAMILY = "1,2";
			};
			name = Debug;
		};
		4812B9D91C8E768700D7036F /* Release */ = {
			isa = XCBuildConfiguration;
			buildSettings = {
				ASSETCATALOG_COMPILER_APPICON_NAME = AppIcon;
				CODE_SIGN_IDENTITY = "iPhone Developer";
				INFOPLIST_FILE = "good-times/Info.plist";
				LD_RUNPATH_SEARCH_PATHS = "$(inherited) @executable_path/Frameworks";
				PRODUCT_BUNDLE_IDENTIFIER = "self.edu.good-times";
				PRODUCT_NAME = "$(TARGET_NAME)";
				TARGETED_DEVICE_FAMILY = "1,2";
			};
			name = Release;
		};
/* End XCBuildConfiguration section */

/* Begin XCConfigurationList section */
		4812B9C01C8E768700D7036F /* Build configuration list for PBXProject "good-times" */ = {
			isa = XCConfigurationList;
			buildConfigurations = (
				4812B9D51C8E768700D7036F /* Debug */,
				4812B9D61C8E768700D7036F /* Release */,
			);
			defaultConfigurationIsVisible = 0;
			defaultConfigurationName = Release;
		};
		4812B9D71C8E768700D7036F /* Build configuration list for PBXNativeTarget "good-times" */ = {
			isa = XCConfigurationList;
			buildConfigurations = (
				4812B9D81C8E768700D7036F /* Debug */,
				4812B9D91C8E768700D7036F /* Release */,
			);
			defaultConfigurationIsVisible = 0;
			defaultConfigurationName = Release;
		};
/* End XCConfigurationList section */
	};
	rootObject = 4812B9BD1C8E768700D7036F /* Project object */;
}
